# This file is automatically @generated by Cargo.
# It is not intended for manual editing.
[[package]]
name = "glam"
version = "0.10.0"
source = "registry+https://github.com/rust-lang/crates.io-index"
checksum = "668e725370f2b2243a5f43c6e4be6be3d501fb2441b81f7ee604ef766b5ab91b"
dependencies = [
 "version_check",
]

[[package]]
name = "ra-vec4-repro"
version = "0.1.0"
dependencies = [
 "glam",
]

[[package]]
name = "version_check"
version = "0.9.2"
source = "registry+https://github.com/rust-lang/crates.io-index"
checksum = "b5a972e5669d67ba988ce3dc826706fb0a8b01471c088cb0b6110b805cc36aed"
